
Microsoft Visual Studio Solution File, Format Version 12.00
# Visual Studio Version 17
VisualStudioVersion = 17.2.32616.157
MinimumVisualStudioVersion = 10.0.40219.1
Project("{FAE04EC0-301F-11D3-BF4B-00C04F79EFBC}") = "Pansynchro.S3StreamUpload", "Pansynchro.S3StreamUpload\Pansynchro.S3StreamUpload.csproj", "{4066A1F4-734F-4762-8FB4-E1A106ADD75D}"
EndProject
Global
	GlobalSection(SolutionConfigurationPlatforms) = preSolution
		Debug|Any CPU = Debug|Any CPU
		Release|Any CPU = Release|Any CPU
	EndGlobalSection
	GlobalSection(ProjectConfigurationPlatforms) = postSolution
		{4066A1F4-734F-4762-8FB4-E1A106ADD75D}.Debug|Any CPU.ActiveCfg = Debug|Any CPU
		{4066A1F4-734F-4762-8FB4-E1A106ADD75D}.Debug|Any CPU.Build.0 = Debug|Any CPU
		{4066A1F4-734F-4762-8FB4-E1A106ADD75D}.Release|Any CPU.ActiveCfg = Release|Any CPU
		{4066A1F4-734F-4762-8FB4-E1A106ADD75D}.Release|Any CPU.Build.0 = Release|Any CPU
	EndGlobalSection
	GlobalSection(SolutionProperties) = preSolution
		HideSolutionNode = FALSE
	EndGlobalSection
	GlobalSection(ExtensibilityGlobals) = postSolution
		SolutionGuid = {E4616BAC-A35C-40FA-BA4A-8C3D68EECCC3}
	EndGlobalSection
EndGlobal
